
Microsoft Visual Studio Solution File, Format Version 12.00
# Visual Studio Version 16
VisualStudioVersion = 16.0.32802.440
MinimumVisualStudioVersion = 10.0.40219.1
Project("{9A19103F-16F7-4668-BE54-9A1E7A4F7556}") = "QuanLyBanHangVer2.WebApp", "QuanLyBanHangVer2.WebApp\QuanLyBanHangVer2.WebApp.csproj", "{1C7821E7-6779-4516-A8AD-86FA15DD4ABF}"
EndProject
Project("{9A19103F-16F7-4668-BE54-9A1E7A4F7556}") = "QuanLyBanHangVer2.Data", "QuanLyBanHangVer2.Data\QuanLyBanHangVer2.Data.csproj", "{2AC89A3B-56CB-41BB-9985-F7A0C7E07B00}"
EndProject
Project("{9A19103F-16F7-4668-BE54-9A1E7A4F7556}") = "QuanLyBanHangVer2.Application", "QuanLyBanHangVer2.Application\QuanLyBanHangVer2.Application.csproj", "{A8839003-214A-4889-A7A1-70C9EB71A2D5}"
EndProject
Project("{9A19103F-16F7-4668-BE54-9A1E7A4F7556}") = "QuanLyBanHangVer2.Utilities", "QuanLyBanHangVer2.Utilities\QuanLyBanHangVer2.Utilities.csproj", "{1DAAC188-8453-49BB-BB86-66214AF38FCB}"
EndProject
Project("{9A19103F-16F7-4668-BE54-9A1E7A4F7556}") = "QuanLyBanHangVer2.ViewModel", "QuanLyBanHangVer2.ViewModel\QuanLyBanHangVer2.ViewModel.csproj", "{98335E36-9471-4A99-A192-161A1F574372}"
EndProject
Project("{9A19103F-16F7-4668-BE54-9A1E7A4F7556}") = "QuanLyBanHangVer2.BackendApi", "QuanLyBanHangVer2.BackendApi\QuanLyBanHangVer2.BackendApi.csproj", "{6081E097-C133-4496-9B32-765137FC3850}"
EndProject
Project("{FAE04EC0-301F-11D3-BF4B-00C04F79EFBC}") = "QuanLyBanHangVer2.WebAdmin", "QuanLyBanHangVer2.WebAdmin\QuanLyBanHangVer2.WebAdmin.csproj", "{FB82CF5A-FAE7-4435-BBB8-DF04DCD54EF0}"
EndProject
Global
	GlobalSection(SolutionConfigurationPlatforms) = preSolution
		Debug|Any CPU = Debug|Any CPU
		Release|Any CPU = Release|Any CPU
	EndGlobalSection
	GlobalSection(ProjectConfigurationPlatforms) = postSolution
		{1C7821E7-6779-4516-A8AD-86FA15DD4ABF}.Debug|Any CPU.ActiveCfg = Debug|Any CPU
		{1C7821E7-6779-4516-A8AD-86FA15DD4ABF}.Debug|Any CPU.Build.0 = Debug|Any CPU
		{1C7821E7-6779-4516-A8AD-86FA15DD4ABF}.Release|Any CPU.ActiveCfg = Release|Any CPU
		{1C7821E7-6779-4516-A8AD-86FA15DD4ABF}.Release|Any CPU.Build.0 = Release|Any CPU
		{2AC89A3B-56CB-41BB-9985-F7A0C7E07B00}.Debug|Any CPU.ActiveCfg = Debug|Any CPU
		{2AC89A3B-56CB-41BB-9985-F7A0C7E07B00}.Debug|Any CPU.Build.0 = Debug|Any CPU
		{2AC89A3B-56CB-41BB-9985-F7A0C7E07B00}.Release|Any CPU.ActiveCfg = Release|Any CPU
		{2AC89A3B-56CB-41BB-9985-F7A0C7E07B00}.Release|Any CPU.Build.0 = Release|Any CPU
		{A8839003-214A-4889-A7A1-70C9EB71A2D5}.Debug|Any CPU.ActiveCfg = Debug|Any CPU
		{A8839003-214A-4889-A7A1-70C9EB71A2D5}.Debug|Any CPU.Build.0 = Debug|Any CPU
		{A8839003-214A-4889-A7A1-70C9EB71A2D5}.Release|Any CPU.ActiveCfg = Release|Any CPU
		{A8839003-214A-4889-A7A1-70C9EB71A2D5}.Release|Any CPU.Build.0 = Release|Any CPU
		{1DAAC188-8453-49BB-BB86-66214AF38FCB}.Debug|Any CPU.ActiveCfg = Debug|Any CPU
		{1DAAC188-8453-49BB-BB86-66214AF38FCB}.Debug|Any CPU.Build.0 = Debug|Any CPU
		{1DAAC188-8453-49BB-BB86-66214AF38FCB}.Release|Any CPU.ActiveCfg = Release|Any CPU
		{1DAAC188-8453-49BB-BB86-66214AF38FCB}.Release|Any CPU.Build.0 = Release|Any CPU
		{98335E36-9471-4A99-A192-161A1F574372}.Debug|Any CPU.ActiveCfg = Debug|Any CPU
		{98335E36-9471-4A99-A192-161A1F574372}.Debug|Any CPU.Build.0 = Debug|Any CPU
		{98335E36-9471-4A99-A192-161A1F574372}.Release|Any CPU.ActiveCfg = Release|Any CPU
		{98335E36-9471-4A99-A192-161A1F574372}.Release|Any CPU.Build.0 = Release|Any CPU
		{6081E097-C133-4496-9B32-765137FC3850}.Debug|Any CPU.ActiveCfg = Debug|Any CPU
		{6081E097-C133-4496-9B32-765137FC3850}.Debug|Any CPU.Build.0 = Debug|Any CPU
		{6081E097-C133-4496-9B32-765137FC3850}.Release|Any CPU.ActiveCfg = Release|Any CPU
		{6081E097-C133-4496-9B32-765137FC3850}.Release|Any CPU.Build.0 = Release|Any CPU
		{FB82CF5A-FAE7-4435-BBB8-DF04DCD54EF0}.Debug|Any CPU.ActiveCfg = Debug|Any CPU
		{FB82CF5A-FAE7-4435-BBB8-DF04DCD54EF0}.Debug|Any CPU.Build.0 = Debug|Any CPU
		{FB82CF5A-FAE7-4435-BBB8-DF04DCD54EF0}.Release|Any CPU.ActiveCfg = Release|Any CPU
		{FB82CF5A-FAE7-4435-BBB8-DF04DCD54EF0}.Release|Any CPU.Build.0 = Release|Any CPU
	EndGlobalSection
	GlobalSection(SolutionProperties) = preSolution
		HideSolutionNode = FALSE
	EndGlobalSection
	GlobalSection(ExtensibilityGlobals) = postSolution
		SolutionGuid = {9FAAC730-D56B-4964-AB05-80C2F9316C4E}
	EndGlobalSection
EndGlobal
